hash: b6495a305c2dd1b7c2dc18dc3775a69c728cd5f72a97d2876431d1d11c80f57f
updated: 2018-07-14T20:51:54.263266-07:00
imports:
- name: github.com/gorilla/context
  version: 08b5f424b9271eedf6f9f0ce86cb9396ed337a42
- name: github.com/gorilla/mux
  version: e3702bed27f0d39777b0b37b664b6280e8ef8fbf
testImports: []
